<?xml version="1.0" encoding="utf-8"?>
<Project ToolsVersion="4.0" xmlns="http://schemas.microsoft.com/developer/msbuild/2003">
  <ItemGroup>
    <Filter Include="Quelldateien">
      <UniqueIdentifier>{4FC737F1-C7A5-4376-A066-2A32D752A2FF}</UniqueIdentifier>
      <Extensions>cpp;c;cc;cxx;c++;def;odl;idl;hpj;bat;asm;asmx</Extensions>
    </Filter>
    <Filter Include="Headerdateien">
      <UniqueIdentifier>{93995380-89BD-4b04-88EB-625FBE52EBFB}</UniqueIdentifier>
      <Extensions>h;hh;hpp;hxx;h++;hm;inl;inc;ipp;xsd</Extensions>
    </Filter>
    <Filter Include="Ressourcendateien">
      <UniqueIdentifier>{67DA6AB6-F800-4c08-8B7A-83BB121AAD01}</UniqueIdentifier>
      <Extensions>rc;ico;cur;bmp;dlg;rc2;rct;bin;rgs;gif;jpg;jpeg;jpe;resx;tiff;tif;png;wav;mfcribbon-ms</Extensions>
    </Filter>
  </ItemGroup>
  <ItemGroup>
    <ClCompile Include="src\UGF12\wWinMain.cpp">
      <Filter>Quelldateien</Filter>
    </ClCompile>
    <ClCompile Include="src\UGF12\Util\CmdArgs.cpp">
      <Filter>Quelldateien</Filter>
    </ClCompile>
    <ClCompile Include="src\pch.cpp">
      <Filter>Quelldateien</Filter>
    </ClCompile>
    <ClCompile Include="src\UGF12\Window\ClsProc\WindowClass.cpp">
      <Filter>Quelldateien</Filter>
    </ClCompile>
    <ClCompile Include="src\UGF12\Window\ClsProc\WindowProc.cpp">
      <Filter>Quelldateien</Filter>
    </ClCompile>
    <ClCompile Include="src\UGF12\Window\Window.cpp">
      <Filter>Quelldateien</Filter>
    </ClCompile>
    <ClCompile Include="src\UGF12\IO\KeyStates.cpp">
      <Filter>Quelldateien</Filter>
    </ClCompile>
    <ClCompile Include="src\UGF12\DirectX\XContext.cpp">
      <Filter>Quelldateien</Filter>
    </ClCompile>
    <ClCompile Include="src\UGF12\DirectX\XWndDriver.cpp">
      <Filter>Quelldateien</Filter>
    </ClCompile>
    <ClCompile Include="src\UGF12\DirectX\XWindow.cpp">
      <Filter>Quelldateien</Filter>
    </ClCompile>
    <ClCompile Include="src\UGF12\DirectX\XCmdQueue.cpp">
      <Filter>Quelldateien</Filter>
    </ClCompile>
    <ClCompile Include="src\UGF12\DirectX\XCmdList.cpp">
      <Filter>Quelldateien</Filter>
    </ClCompile>
    <ClCompile Include="src\UGF12\DirectX\XFeature.cpp">
      <Filter>Quelldateien</Filter>
    </ClCompile>
    <ClCompile Include="src\UGF12\RenderIO\Framebuffer.cpp">
      <Filter>Quelldateien</Filter>
    </ClCompile>
    <ClCompile Include="src\UGF12\Util\StrConverter.cpp">
      <Filter>Quelldateien</Filter>
    </ClCompile>
    <ClCompile Include="src\UGF12\Util\SystemMetrics.cpp">
      <Filter>Quelldateien</Filter>
    </ClCompile>
    <ClCompile Include="src\UGF12\RenderIO\LayerManager\Layer.cpp">
      <Filter>Quelldateien</Filter>
    </ClCompile>
    <ClCompile Include="src\UGF12\Util\Concurent\SpinLock.cpp">
      <Filter>Quelldateien</Filter>
    </ClCompile>
    <ClCompile Include="src\UGF12\Util\Concurent\LockGuard.cpp">
      <Filter>Quelldateien</Filter>
    </ClCompile>
    <ClCompile Include="src\UGF12\RenderIO\Executing\CmdListPool.cpp">
      <Filter>Quelldateien</Filter>
    </ClCompile>
    <ClCompile Include="src\UGF12\RenderIO\Executing\CmdListManager.cpp">
      <Filter>Quelldateien</Filter>
    </ClCompile>
    <ClCompile Include="src\UGF12\RenderIO\Executing\CmdListExecutionFlag.cpp">
      <Filter>Quelldateien</Filter>
    </ClCompile>
    <ClCompile Include="src\UGF12\DirectX\XCounted.cpp">
      <Filter>Quelldateien</Filter>
    </ClCompile>
    <ClCompile Include="src\UGF12\RenderIO\Executing\AsyncCmdExecutor.cpp">
      <Filter>Quelldateien</Filter>
    </ClCompile>
    <ClCompile Include="src\UGF12\RenderIO\Executing\CmdListProxy.cpp">
      <Filter>Quelldateien</Filter>
    </ClCompile>
    <ClCompile Include="src\UGF12\Util\Time\HPC.cpp">
      <Filter>Quelldateien</Filter>
    </ClCompile>
    <ClCompile Include="src\UGF12\Util\Time\StopWatch.cpp">
      <Filter>Quelldateien</Filter>
    </ClCompile>
  </ItemGroup>
  <ItemGroup>
    <ClInclude Include="src\UGF12\Util\CmdArgs.h">
      <Filter>Headerdateien</Filter>
    </ClInclude>
    <ClInclude Include="src\pch.h">
      <Filter>Headerdateien</Filter>
    </ClInclude>
    <ClInclude Include="src\UGF12\Window\ClsProc\IMessageReciver.h">
      <Filter>Headerdateien</Filter>
    </ClInclude>
    <ClInclude Include="src\UGF12\Window\ClsProc\WindowClass.h">
      <Filter>Headerdateien</Filter>
    </ClInclude>
    <ClInclude Include="src\UGF12\Window\ClsProc\WindowProc.h">
      <Filter>Headerdateien</Filter>
    </ClInclude>
    <ClInclude Include="src\UGF12\Window\Window.h">
      <Filter>Headerdateien</Filter>
    </ClInclude>
    <ClInclude Include="src\UGF12\Util\Exeption.h">
      <Filter>Headerdateien</Filter>
    </ClInclude>
    <ClInclude Include="src\UGF12\IO\KeyBind.h">
      <Filter>Headerdateien</Filter>
    </ClInclude>
    <ClInclude Include="src\UGF12\IO\KeyStates.h">
      <Filter>Headerdateien</Filter>
    </ClInclude>
    <ClInclude Include="src\UGF12\DirectX\XContext.h">
      <Filter>Headerdateien</Filter>
    </ClInclude>
    <ClInclude Include="src\UGF12\DirectX\XWndDriver.h">
      <Filter>Headerdateien</Filter>
    </ClInclude>
    <ClInclude Include="src\UGF12\DirectX\XWindow.h">
      <Filter>Headerdateien</Filter>
    </ClInclude>
    <ClInclude Include="src\UGF12\DirectX\XCmdQueue.h">
      <Filter>Headerdateien</Filter>
    </ClInclude>
    <ClInclude Include="src\UGF12\DirectX\XCmdList.h">
      <Filter>Headerdateien</Filter>
    </ClInclude>
    <ClInclude Include="src\UGF12\RenderIO\Framebuffer.h">
      <Filter>Headerdateien</Filter>
    </ClInclude>
    <ClInclude Include="src\UGF12\DirectX\XFeature.h">
      <Filter>Headerdateien</Filter>
    </ClInclude>
    <ClInclude Include="src\UGF12\Util\StrConverter.h">
      <Filter>Headerdateien</Filter>
    </ClInclude>
    <ClInclude Include="src\UGF12\Util\SystemMetrics.h">
      <Filter>Headerdateien</Filter>
    </ClInclude>
    <ClInclude Include="src\UGF12\RenderIO\LayerManager\Layer.h">
      <Filter>Headerdateien</Filter>
    </ClInclude>
    <ClInclude Include="src\UGF12\RenderIO\LayerManager\ILayerImpl.h">
      <Filter>Headerdateien</Filter>
    </ClInclude>
    <ClInclude Include="src\UGF12\Util\Concurent\ILock.h">
      <Filter>Headerdateien</Filter>
    </ClInclude>
    <ClInclude Include="src\UGF12\Util\Concurent\SpinLock.h">
      <Filter>Headerdateien</Filter>
    </ClInclude>
    <ClInclude Include="src\UGF12\Util\Concurent\LockGuard.h">
      <Filter>Headerdateien</Filter>
    </ClInclude>
    <ClInclude Include="src\UGF12\RenderIO\Executing\CmdListPool.h">
      <Filter>Headerdateien</Filter>
    </ClInclude>
    <ClInclude Include="src\UGF12\RenderIO\Executing\CmdListManager.h">
      <Filter>Headerdateien</Filter>
    </ClInclude>
    <ClInclude Include="src\UGF12\RenderIO\Executing\CmdListExecutionFlag.h">
      <Filter>Headerdateien</Filter>
    </ClInclude>
    <ClInclude Include="src\UGF12\DirectX\XCounted.h">
      <Filter>Headerdateien</Filter>
    </ClInclude>
    <ClInclude Include="src\UGF12\RenderIO\Executing\AsyncCmdExecutor.h">
      <Filter>Headerdateien</Filter>
    </ClInclude>
    <ClInclude Include="src\UGF12\RenderIO\Executing\CmdListProxy.h">
      <Filter>Headerdateien</Filter>
    </ClInclude>
    <ClInclude Include="src\UGF12\Util\Concurent\WorkerPayload.h">
      <Filter>Headerdateien</Filter>
    </ClInclude>
    <ClInclude Include="src\UGF12\Util\Time\Time.h">
      <Filter>Headerdateien</Filter>
    </ClInclude>
    <ClInclude Include="src\UGF12\Util\Time\HPC.h">
      <Filter>Headerdateien</Filter>
    </ClInclude>
    <ClInclude Include="src\UGF12\Util\Time\StopWatch.h">
      <Filter>Headerdateien</Filter>
    </ClInclude>
  </ItemGroup>
</Project>